
Microsoft Visual Studio Solution File, Format Version 12.00
# Visual Studio Version 16
VisualStudioVersion = 16.0.31424.327
MinimumVisualStudioVersion = 10.0.40219.1
Project("{9A19103F-16F7-4668-BE54-9A1E7A4F7556}") = "AtacadoCore.POCO", "AtacadoCore.POCO\AtacadoCore.POCO.csproj", "{996223EB-E154-490E-AD66-BA40CE6CAFC8}"
EndProject
Project("{9A19103F-16F7-4668-BE54-9A1E7A4F7556}") = "AtacadoCore.MAPA", "AtacadoCore.MAPA\AtacadoCore.MAPA.csproj", "{99CCAA64-ADA5-4355-96CB-7BF3F3213CDE}"
EndProject
Project("{2150E333-8FDC-42A3-9474-1A3956D46DE8}") = "Camada 1", "Camada 1", "{BD20E1EA-260C-40C2-9CF0-E75DFD1928DD}"
EndProject
Project("{2150E333-8FDC-42A3-9474-1A3956D46DE8}") = "Camada 2", "Camada 2", "{27A3A988-3851-42EF-886E-3D71A65AA596}"
EndProject
Project("{2150E333-8FDC-42A3-9474-1A3956D46DE8}") = "Camada 3", "Camada 3", "{994B41CE-2979-437B-9ECE-3E8D58AB213F}"
EndProject
Project("{9A19103F-16F7-4668-BE54-9A1E7A4F7556}") = "AtacadoCore.REPO", "AtacadoCore.Repo\AtacadoCore.REPO.csproj", "{A77C6C7F-6A4C-4597-A25F-71A5D64B922C}"
EndProject
Project("{9A19103F-16F7-4668-BE54-9A1E7A4F7556}") = "AtacadoCore.SERV", "AtacadoCore.SERV\AtacadoCore.SERV.csproj", "{F8009740-39EF-4694-9214-7785CBC7F6DA}"
EndProject
Project("{9A19103F-16F7-4668-BE54-9A1E7A4F7556}") = "ConsoleAppTeste", "ConsoleAppTeste\ConsoleAppTeste.csproj", "{29ED7726-10E3-4DB8-8CC7-C2DD35E1C5C7}"
EndProject
Project("{9A19103F-16F7-4668-BE54-9A1E7A4F7556}") = "AtacadoCore.DAL", "AtacadoCore.DAL\AtacadoCore.DAL.csproj", "{061FD910-0A23-4AE2-A5BD-B07A3CD9A9DB}"
EndProject
Project("{FAE04EC0-301F-11D3-BF4B-00C04F79EFBC}") = "AtacadoCoreApi", "AtacadoCoreApi\AtacadoCoreApi.csproj", "{E5C3DCE8-979C-4E8B-93FA-9F825D01FE56}"
EndProject
Global
	GlobalSection(SolutionConfigurationPlatforms) = preSolution
		Debug|Any CPU = Debug|Any CPU
		Release|Any CPU = Release|Any CPU
	EndGlobalSection
	GlobalSection(ProjectConfigurationPlatforms) = postSolution
		{996223EB-E154-490E-AD66-BA40CE6CAFC8}.Debug|Any CPU.ActiveCfg = Debug|Any CPU
		{996223EB-E154-490E-AD66-BA40CE6CAFC8}.Debug|Any CPU.Build.0 = Debug|Any CPU
		{996223EB-E154-490E-AD66-BA40CE6CAFC8}.Release|Any CPU.ActiveCfg = Release|Any CPU
		{996223EB-E154-490E-AD66-BA40CE6CAFC8}.Release|Any CPU.Build.0 = Release|Any CPU
		{99CCAA64-ADA5-4355-96CB-7BF3F3213CDE}.Debug|Any CPU.ActiveCfg = Debug|Any CPU
		{99CCAA64-ADA5-4355-96CB-7BF3F3213CDE}.Debug|Any CPU.Build.0 = Debug|Any CPU
		{99CCAA64-ADA5-4355-96CB-7BF3F3213CDE}.Release|Any CPU.ActiveCfg = Release|Any CPU
		{99CCAA64-ADA5-4355-96CB-7BF3F3213CDE}.Release|Any CPU.Build.0 = Release|Any CPU
		{A77C6C7F-6A4C-4597-A25F-71A5D64B922C}.Debug|Any CPU.ActiveCfg = Debug|Any CPU
		{A77C6C7F-6A4C-4597-A25F-71A5D64B922C}.Debug|Any CPU.Build.0 = Debug|Any CPU
		{A77C6C7F-6A4C-4597-A25F-71A5D64B922C}.Release|Any CPU.ActiveCfg = Release|Any CPU
		{A77C6C7F-6A4C-4597-A25F-71A5D64B922C}.Release|Any CPU.Build.0 = Release|Any CPU
		{F8009740-39EF-4694-9214-7785CBC7F6DA}.Debug|Any CPU.ActiveCfg = Debug|Any CPU
		{F8009740-39EF-4694-9214-7785CBC7F6DA}.Debug|Any CPU.Build.0 = Debug|Any CPU
		{F8009740-39EF-4694-9214-7785CBC7F6DA}.Release|Any CPU.ActiveCfg = Release|Any CPU
		{F8009740-39EF-4694-9214-7785CBC7F6DA}.Release|Any CPU.Build.0 = Release|Any CPU
		{29ED7726-10E3-4DB8-8CC7-C2DD35E1C5C7}.Debug|Any CPU.ActiveCfg = Debug|Any CPU
		{29ED7726-10E3-4DB8-8CC7-C2DD35E1C5C7}.Debug|Any CPU.Build.0 = Debug|Any CPU
		{29ED7726-10E3-4DB8-8CC7-C2DD35E1C5C7}.Release|Any CPU.ActiveCfg = Release|Any CPU
		{29ED7726-10E3-4DB8-8CC7-C2DD35E1C5C7}.Release|Any CPU.Build.0 = Release|Any CPU
		{061FD910-0A23-4AE2-A5BD-B07A3CD9A9DB}.Debug|Any CPU.ActiveCfg = Debug|Any CPU
		{061FD910-0A23-4AE2-A5BD-B07A3CD9A9DB}.Debug|Any CPU.Build.0 = Debug|Any CPU
		{061FD910-0A23-4AE2-A5BD-B07A3CD9A9DB}.Release|Any CPU.ActiveCfg = Release|Any CPU
		{061FD910-0A23-4AE2-A5BD-B07A3CD9A9DB}.Release|Any CPU.Build.0 = Release|Any CPU
		{E5C3DCE8-979C-4E8B-93FA-9F825D01FE56}.Debug|Any CPU.ActiveCfg = Debug|Any CPU
		{E5C3DCE8-979C-4E8B-93FA-9F825D01FE56}.Debug|Any CPU.Build.0 = Debug|Any CPU
		{E5C3DCE8-979C-4E8B-93FA-9F825D01FE56}.Release|Any CPU.ActiveCfg = Release|Any CPU
		{E5C3DCE8-979C-4E8B-93FA-9F825D01FE56}.Release|Any CPU.Build.0 = Release|Any CPU
	EndGlobalSection
	GlobalSection(SolutionProperties) = preSolution
		HideSolutionNode = FALSE
	EndGlobalSection
	GlobalSection(NestedProjects) = preSolution
		{996223EB-E154-490E-AD66-BA40CE6CAFC8} = {994B41CE-2979-437B-9ECE-3E8D58AB213F}
		{99CCAA64-ADA5-4355-96CB-7BF3F3213CDE} = {27A3A988-3851-42EF-886E-3D71A65AA596}
		{A77C6C7F-6A4C-4597-A25F-71A5D64B922C} = {27A3A988-3851-42EF-886E-3D71A65AA596}
		{F8009740-39EF-4694-9214-7785CBC7F6DA} = {27A3A988-3851-42EF-886E-3D71A65AA596}
		{29ED7726-10E3-4DB8-8CC7-C2DD35E1C5C7} = {BD20E1EA-260C-40C2-9CF0-E75DFD1928DD}
		{061FD910-0A23-4AE2-A5BD-B07A3CD9A9DB} = {994B41CE-2979-437B-9ECE-3E8D58AB213F}
		{E5C3DCE8-979C-4E8B-93FA-9F825D01FE56} = {BD20E1EA-260C-40C2-9CF0-E75DFD1928DD}
	EndGlobalSection
	GlobalSection(ExtensibilityGlobals) = postSolution
		SolutionGuid = {4FD05034-147A-4786-A5D3-9586AD86B962}
	EndGlobalSection
EndGlobal
